// !$*UTF8*$!
{
	archiveVersion = 1;
	classes = {
	};
	objectVersion = 46;
	objects = {

/* Begin PBXBuildFile section */
		660E1D9C158FC4570001DA12 /* img02.jpg in Resources */ = {isa = PBXBuildFile; fileRef = 660E1D9B158FC4570001DA12 /* img02.jpg */; };
		660E1D9F158FC45E0001DA12 /* img06.jpg in Resources */ = {isa = PBXBuildFile; fileRef = 660E1D9E158FC45E0001DA12 /* img06.jpg */; };
		660E1DA1158FC4710001DA12 /* img03.jpg in Resources */ = {isa = PBXBuildFile; fileRef = 660E1DA0158FC4710001DA12 /* img03.jpg */; };
		660E1DA3158FC4750001DA12 /* img05.jpg in Resources */ = {isa = PBXBuildFile; fileRef = 660E1DA2158FC4750001DA12 /* img05.jpg */; };
		660E1DA5158FC47D0001DA12 /* img04.jpg in Resources */ = {isa = PBXBuildFile; fileRef = 660E1DA4158FC47D0001DA12 /* img04.jpg */; };
		660E1DA9158FC6300001DA12 /* NSMutableArray+QueueAdditions.m in Sources */ = {isa = PBXBuildFile; fileRef = 660E1DA8158FC6300001DA12 /* NSMutableArray+QueueAdditions.m */; };
		660E1DAC158FC65C0001DA12 /* NSMutableArray+StackAdditions.m in Sources */ = {isa = PBXBuildFile; fileRef = 660E1DAB158FC65C0001DA12 /* NSMutableArray+StackAdditions.m */; };
		660E1DB0158FC7DB0001DA12 /* MMPaperIcon.m in Sources */ = {isa = PBXBuildFile; fileRef = 660E1DAF158FC7DB0001DA12 /* MMPaperIcon.m */; };
		660E1DB3159028560001DA12 /* NSArray+MapReduce.m in Sources */ = {isa = PBXBuildFile; fileRef = 660E1DB2159028560001DA12 /* NSArray+MapReduce.m */; };
		6630EDA115F15324007E38AA /* MMPanAndPinchFromListViewGestureRecognizer.m in Sources */ = {isa = PBXBuildFile; fileRef = 6630EDA015F15324007E38AA /* MMPanAndPinchFromListViewGestureRecognizer.m */; settings = {COMPILER_FLAGS = "-fno-objc-arc"; }; };
		663C1878175538A800706A05 /* MMPencilEraserButton.m in Sources */ = {isa = PBXBuildFile; fileRef = 663C1877175538A800706A05 /* MMPencilEraserButton.m */; };
		663C187D1755B63D00706A05 /* Eraser.m in Sources */ = {isa = PBXBuildFile; fileRef = 663C187C1755B63D00706A05 /* Eraser.m */; };
		663C188B1759B51600706A05 /* MMUndoRedoButton.m in Sources */ = {isa = PBXBuildFile; fileRef = 663C188A1759B51600706A05 /* MMUndoRedoButton.m */; };
		663C188F1759B57800706A05 /* JotTouchSDK.framework in Frameworks */ = {isa = PBXBuildFile; fileRef = 66C38AC7175329160035B872 /* JotTouchSDK.framework */; };
		663C1897175A89EF00706A05 /* MMRulerButton.m in Sources */ = {isa = PBXBuildFile; fileRef = 663C1896175A89ED00706A05 /* MMRulerButton.m */; };
		664516B9159030FC0012FACA /* Constants.m in Sources */ = {isa = PBXBuildFile; fileRef = 664516B8159030FC0012FACA /* Constants.m */; };
		66455F84175E938000C66DFA /* DrawKit-iOS.framework in Frameworks */ = {isa = PBXBuildFile; fileRef = 66A4BD181632170E00C45070 /* DrawKit-iOS.framework */; };
		66455F86175E938500C66DFA /* JotUI.framework in Frameworks */ = {isa = PBXBuildFile; fileRef = 66455F85175E938400C66DFA /* JotUI.framework */; };
		664C62F015A36DA40072736A /* MMListPaperStackView.m in Sources */ = {isa = PBXBuildFile; fileRef = 664C62EF15A36DA40072736A /* MMListPaperStackView.m */; };
		664F4139159063F8006F8B09 /* MMPlusIcon.m in Sources */ = {isa = PBXBuildFile; fileRef = 664F4138159063F8006F8B09 /* MMPlusIcon.m */; };
		664F413D1590661F006F8B09 /* MMRightArrow.m in Sources */ = {isa = PBXBuildFile; fileRef = 664F413C1590661F006F8B09 /* MMRightArrow.m */; };
		664F414015906628006F8B09 /* MMLeftArrow.m in Sources */ = {isa = PBXBuildFile; fileRef = 664F413F15906628006F8B09 /* MMLeftArrow.m */; };
		6661144716FD67F8005032B9 /* Loose-Leaf_72.png in Resources */ = {isa = PBXBuildFile; fileRef = 6661144616FD67F8005032B9 /* Loose-Leaf_72.png */; };
		6661144A16FD67FA005032B9 /* Loose-Leaf_144.png in Resources */ = {isa = PBXBuildFile; fileRef = 6661144916FD67FA005032B9 /* Loose-Leaf_144.png */; };
		66728715159515FD0018571A /* MMEditablePaperStackView.m in Sources */ = {isa = PBXBuildFile; fileRef = 66728714159515FC0018571A /* MMEditablePaperStackView.m */; };
		6693295A15958A950033E557 /* MMShadowManager.m in Sources */ = {isa = PBXBuildFile; fileRef = 6693295915958A950033E557 /* MMShadowManager.m */; };
		66932965159593C00033E557 /* MMRotationManager.m in Sources */ = {isa = PBXBuildFile; fileRef = 66932964159593C00033E557 /* MMRotationManager.m */; };
		6693296A1595A87E0033E557 /* MMMapButton.m in Sources */ = {isa = PBXBuildFile; fileRef = 669329691595A87E0033E557 /* MMMapButton.m */; };
		6693296D1596E0600033E557 /* MMBezelInRightGestureRecognizer.m in Sources */ = {isa = PBXBuildFile; fileRef = 6693296C1596E0600033E557 /* MMBezelInRightGestureRecognizer.m */; settings = {COMPILER_FLAGS = "-fno-objc-arc"; }; };
		669329701598E4DC0033E557 /* NSString+UUID.m in Sources */ = {isa = PBXBuildFile; fileRef = 6693296F1598E4DC0033E557 /* NSString+UUID.m */; };
		669329731598EE210033E557 /* UIView+Debug.m in Sources */ = {isa = PBXBuildFile; fileRef = 669329721598EE210033E557 /* UIView+Debug.m */; };
		6693297E1599196E0033E557 /* UIFont+UIBezierCurve.m in Sources */ = {isa = PBXBuildFile; fileRef = 6693297D1599196E0033E557 /* UIFont+UIBezierCurve.m */; };
		6695B6E3175008680069E61F /* OpenGLES.framework in Frameworks */ = {isa = PBXBuildFile; fileRef = 6695B6E2175008680069E61F /* OpenGLES.framework */; };
		6695B6E6175008840069E61F /* CoreBluetooth.framework in Frameworks */ = {isa = PBXBuildFile; fileRef = 6695B6E5175008840069E61F /* CoreBluetooth.framework */; };
		6695B6E81750088D0069E61F /* AudioToolbox.framework in Frameworks */ = {isa = PBXBuildFile; fileRef = 6695B6E71750088D0069E61F /* AudioToolbox.framework */; };
		6695B6EC17505FBF0069E61F /* MMEditablePaperView.m in Sources */ = {isa = PBXBuildFile; fileRef = 6695B6EB17505FBF0069E61F /* MMEditablePaperView.m */; };
		6695B6F01751CC170069E61F /* Pen.m in Sources */ = {isa = PBXBuildFile; fileRef = 6695B6EF1751CC160069E61F /* Pen.m */; };
		66A13D3A1631D9D9002F5428 /* MMObjectSelectLongPressGestureRecognizer.m in Sources */ = {isa = PBXBuildFile; fileRef = 66A13D391631D9D8002F5428 /* MMObjectSelectLongPressGestureRecognizer.m */; settings = {COMPILER_FLAGS = "-fno-objc-arc"; }; };
		66A13D401631E0E6002F5428 /* MMImmovableTapGestureRecognizer.m in Sources */ = {isa = PBXBuildFile; fileRef = 66A13D3F1631E0E6002F5428 /* MMImmovableTapGestureRecognizer.m */; settings = {COMPILER_FLAGS = "-fno-objc-arc"; }; };
		66A3AF8E15913B5E00F8A7A6 /* NSMutableSet+Extras.m in Sources */ = {isa = PBXBuildFile; fileRef = 66A3AF8D15913B5E00F8A7A6 /* NSMutableSet+Extras.m */; };
		66A4BD4616321ABC00C45070 /* NSThread+BlockAdditions.m in Sources */ = {isa = PBXBuildFile; fileRef = 66A4BD4516321ABC00C45070 /* NSThread+BlockAdditions.m */; };
		66B21A56175AFCA70049F1AF /* MMHandButton.m in Sources */ = {isa = PBXBuildFile; fileRef = 66B21A55175AFCA70049F1AF /* MMHandButton.m */; };
		66B21A59175B0BF30049F1AF /* cloth.png in Resources */ = {isa = PBXBuildFile; fileRef = 66B21A58175B0BF30049F1AF /* cloth.png */; };
		66B21A5B175D4C9A0049F1AF /* UIImage+Resize.m in Sources */ = {isa = PBXBuildFile; fileRef = 66B21A5A175D4C9A0049F1AF /* UIImage+Resize.m */; };
		66B21A5E175D4D200049F1AF /* UIImage+Alpha.m in Sources */ = {isa = PBXBuildFile; fileRef = 66B21A5D175D4D200049F1AF /* UIImage+Alpha.m */; };
		66B21A61175D4D290049F1AF /* UIImage+RoundedCorner.m in Sources */ = {isa = PBXBuildFile; fileRef = 66B21A60175D4D290049F1AF /* UIImage+RoundedCorner.m */; };
		66B21A6C175E4A5A0049F1AF /* MMStackManager.m in Sources */ = {isa = PBXBuildFile; fileRef = 66B21A6B175E4A5A0049F1AF /* MMStackManager.m */; };
		66B21A76175E559E0049F1AF /* NSArray+Map.m in Sources */ = {isa = PBXBuildFile; fileRef = 66B21A75175E559E0049F1AF /* NSArray+Map.m */; };
		66B21A7A175E595B0049F1AF /* MMBlockOperation.m in Sources */ = {isa = PBXBuildFile; fileRef = 66B21A79175E595B0049F1AF /* MMBlockOperation.m */; };
		66BD6E301591B57B00D4544C /* MMPaperButton.m in Sources */ = {isa = PBXBuildFile; fileRef = 66BD6E2F1591B57B00D4544C /* MMPaperButton.m */; };
		66BD6E341591C37D00D4544C /* UIImage+MCDrawSubImage.m in Sources */ = {isa = PBXBuildFile; fileRef = 66BD6E331591C37D00D4544C /* UIImage+MCDrawSubImage.m */; };
		66BD6E3B1592CFE600D4544C /* UIView+SubviewStacks.m in Sources */ = {isa = PBXBuildFile; fileRef = 66BD6E3A1592CFE600D4544C /* UIView+SubviewStacks.m */; };
		66BD6E65159316CF00D4544C /* CoreImage.framework in Frameworks */ = {isa = PBXBuildFile; fileRef = 66BD6E64159316CF00D4544C /* CoreImage.framework */; };
		66BD6E701593A8CC00D4544C /* MMPlusButton.m in Sources */ = {isa = PBXBuildFile; fileRef = 66BD6E6F1593A8CC00D4544C /* MMPlusButton.m */; };
		66BD6E7D1593ACD400D4544C /* QuartzCore.framework in Frameworks */ = {isa = PBXBuildFile; fileRef = 66BD6E7C1593ACD400D4544C /* QuartzCore.framework */; };
		66BD6E801593AF4200D4544C /* MMSidebarButton.m in Sources */ = {isa = PBXBuildFile; fileRef = 66BD6E7F1593AF4100D4544C /* MMSidebarButton.m */; };
		66BD6E831593B12500D4544C /* CoreMotion.framework in Frameworks */ = {isa = PBXBuildFile; fileRef = 66BD6E821593B12500D4544C /* CoreMotion.framework */; };
		66BD6E8E1593D18800D4544C /* MMPolylineButton.m in Sources */ = {isa = PBXBuildFile; fileRef = 66BD6E8D1593D18800D4544C /* MMPolylineButton.m */; };
		66BD6E911593DE4E00D4544C /* MMPolygonButton.m in Sources */ = {isa = PBXBuildFile; fileRef = 66BD6E901593DE4E00D4544C /* MMPolygonButton.m */; };
		66BD6E941593E1D800D4544C /* MMImageButton.m in Sources */ = {isa = PBXBuildFile; fileRef = 66BD6E931593E1D700D4544C /* MMImageButton.m */; };
		66BD6E971593E98D00D4544C /* MMTextButton.m in Sources */ = {isa = PBXBuildFile; fileRef = 66BD6E961593E98D00D4544C /* MMTextButton.m */; };
		66BD6E991593E9C400D4544C /* CoreText.framework in Frameworks */ = {isa = PBXBuildFile; fileRef = 66BD6E981593E9C300D4544C /* CoreText.framework */; };
		66BD6E9C15940D7500D4544C /* MMPencilButton.m in Sources */ = {isa = PBXBuildFile; fileRef = 66BD6E9B15940D7400D4544C /* MMPencilButton.m */; };
		66BD6E9F15941B7B00D4544C /* MMShareButton.m in Sources */ = {isa = PBXBuildFile; fileRef = 66BD6E9E15941B7B00D4544C /* MMShareButton.m */; };
		66D0905615F70810004D2CAF /* MMListAddPageButton.m in Sources */ = {isa = PBXBuildFile; fileRef = 66D0905515F70810004D2CAF /* MMListAddPageButton.m */; };
		66D33F4C15A6408A0044C809 /* MMShadowedView.m in Sources */ = {isa = PBXBuildFile; fileRef = 66D33F4B15A6408A0044C809 /* MMShadowedView.m */; };
		66DCFB8B1581BCEF00B4918C /* UIKit.framework in Frameworks */ = {isa = PBXBuildFile; fileRef = 66DCFB8A1581BCEF00B4918C /* UIKit.framework */; };
		66DCFB8D1581BCEF00B4918C /* Foundation.framework in Frameworks */ = {isa = PBXBuildFile; fileRef = 66DCFB8C1581BCEF00B4918C /* Foundation.framework */; };
		66DCFB8F1581BCEF00B4918C /* CoreGraphics.framework in Frameworks */ = {isa = PBXBuildFile; fileRef = 66DCFB8E1581BCEF00B4918C /* CoreGraphics.framework */; };
		66DCFB951581BCEF00B4918C /* InfoPlist.strings in Resources */ = {isa = PBXBuildFile; fileRef = 66DCFB931581BCEF00B4918C /* InfoPlist.strings */; };
		66DCFB971581BCEF00B4918C /* main.m in Sources */ = {isa = PBXBuildFile; fileRef = 66DCFB961581BCEF00B4918C /* main.m */; };
		66DCFB9B1581BCEF00B4918C /* MMAppDelegate.m in Sources */ = {isa = PBXBuildFile; fileRef = 66DCFB9A1581BCEF00B4918C /* MMAppDelegate.m */; };
		66DCFB9E1581BCEF00B4918C /* MMPaperStackViewController.m in Sources */ = {isa = PBXBuildFile; fileRef = 66DCFB9D1581BCEF00B4918C /* MMPaperStackViewController.m */; };
		66DCFBA11581BCEF00B4918C /* MMPaperStackViewController.xib in Resources */ = {isa = PBXBuildFile; fileRef = 66DCFB9F1581BCEF00B4918C /* MMPaperStackViewController.xib */; };
		66DCFBC21581C85B00B4918C /* MMPaperStackView.m in Sources */ = {isa = PBXBuildFile; fileRef = 66DCFBC11581C85B00B4918C /* MMPaperStackView.m */; };
		66DCFBCD1582BAED00B4918C /* MMPaperView.m in Sources */ = {isa = PBXBuildFile; fileRef = 66DCFBCC1582BAED00B4918C /* MMPaperView.m */; };
		66DCFBD01582BC0E00B4918C /* img01.jpg in Resources */ = {isa = PBXBuildFile; fileRef = 66DCFBCF1582BC0E00B4918C /* img01.jpg */; };
		66DCFBDF1582BF3E00B4918C /* MMPanAndPinchGestureRecognizer.m in Sources */ = {isa = PBXBuildFile; fileRef = 66DCFBDE1582BF3E00B4918C /* MMPanAndPinchGestureRecognizer.m */; settings = {COMPILER_FLAGS = "-fno-objc-arc"; }; };
		66DF0B7E159BC30200C5C652 /* UIView+Animations.m in Sources */ = {isa = PBXBuildFile; fileRef = 66DF0B7D159BC30200C5C652 /* UIView+Animations.m */; };
		66E88A371591853E001A6EBF /* MMPapersIcon.m in Sources */ = {isa = PBXBuildFile; fileRef = 66E88A361591853E001A6EBF /* MMPapersIcon.m */; };
/* End PBXBuildFile section */

/* Begin PBXContainerItemProxy section */
		66455F82175E937500C66DFA /* PBXContainerItemProxy */ = {
			isa = PBXContainerItemProxy;
			containerPortal = 66A4BD121632170E00C45070 /* DrawKit-iOS.xcodeproj */;
			proxyType = 1;
			remoteGlobalIDString = 667703EA1620F02900E764C0;
			remoteInfo = "DrawKit-iOS";
		};
		66A4BD171632170E00C45070 /* PBXContainerItemProxy */ = {
			isa = PBXContainerItemProxy;
			containerPortal = 66A4BD121632170E00C45070 /* DrawKit-iOS.xcodeproj */;
			proxyType = 2;
			remoteGlobalIDString = 667703EB1620F02900E764C0;
			remoteInfo = "DrawKit-iOS";
		};
		66A4BD191632170E00C45070 /* PBXContainerItemProxy */ = {
			isa = PBXContainerItemProxy;
			containerPortal = 66A4BD121632170E00C45070 /* DrawKit-iOS.xcodeproj */;
			proxyType = 2;
			remoteGlobalIDString = 667703FC1620F02900E764C0;
			remoteInfo = "DrawKit-iOSTests";
		};
/* End PBXContainerItemProxy section */

/* Begin PBXFileReference section */
		660E1D9B158FC4570001DA12 /* img02.jpg */ = {isa = PBXFileReference; lastKnownFileType = image.jpeg; path = img02.jpg; sourceTree = "<group>"; };
		660E1D9E158FC45E0001DA12 /* img06.jpg */ = {isa = PBXFileReference; lastKnownFileType = image.jpeg; path = img06.jpg; sourceTree = "<group>"; };
		660E1DA0158FC4710001DA12 /* img03.jpg */ = {isa = PBXFileReference; lastKnownFileType = image.jpeg; path = img03.jpg; sourceTree = "<group>"; };
		660E1DA2158FC4750001DA12 /* img05.jpg */ = {isa = PBXFileReference; lastKnownFileType = image.jpeg; path = img05.jpg; sourceTree = "<group>"; };
		660E1DA4158FC47D0001DA12 /* img04.jpg */ = {isa = PBXFileReference; lastKnownFileType = image.jpeg; path = img04.jpg; sourceTree = "<group>"; };
		660E1DA7158FC6300001DA12 /* NSMutableArray+QueueAdditions.h */ = {isa = PBXFileReference; fileEncoding = 4; lastKnownFileType = sourcecode.c.h; path = "NSMutableArray+QueueAdditions.h"; sourceTree = "<group>"; };
		660E1DA8158FC6300001DA12 /* NSMutableArray+QueueAdditions.m */ = {isa = PBXFileReference; fileEncoding = 4; lastKnownFileType = sourcecode.c.objc; path = "NSMutableArray+QueueAdditions.m"; sourceTree = "<group>"; };
		660E1DAA158FC65C0001DA12 /* NSMutableArray+StackAdditions.h */ = {isa = PBXFileReference; fileEncoding = 4; lastKnownFileType = sourcecode.c.h; path = "NSMutableArray+StackAdditions.h"; sourceTree = "<group>"; };
		660E1DAB158FC65C0001DA12 /* NSMutableArray+StackAdditions.m */ = {isa = PBXFileReference; fileEncoding = 4; lastKnownFileType = sourcecode.c.objc; path = "NSMutableArray+StackAdditions.m"; sourceTree = "<group>"; };
		660E1DAE158FC7DB0001DA12 /* MMPaperIcon.h */ = {isa = PBXFileReference; fileEncoding = 4; lastKnownFileType = sourcecode.c.h; path = MMPaperIcon.h; sourceTree = "<group>"; };
		660E1DAF158FC7DB0001DA12 /* MMPaperIcon.m */ = {isa = PBXFileReference; fileEncoding = 4; lastKnownFileType = sourcecode.c.objc; path = MMPaperIcon.m; sourceTree = "<group>"; };
		660E1DB1159028560001DA12 /* NSArray+MapReduce.h */ = {isa = PBXFileReference; fileEncoding = 4; lastKnownFileType = sourcecode.c.h; path = "NSArray+MapReduce.h"; sourceTree = "<group>"; };
		660E1DB2159028560001DA12 /* NSArray+MapReduce.m */ = {isa = PBXFileReference; fileEncoding = 4; lastKnownFileType = sourcecode.c.objc; path = "NSArray+MapReduce.m"; sourceTree = "<group>"; };
		6630ED9F15F15324007E38AA /* MMPanAndPinchFromListViewGestureRecognizer.h */ = {isa = PBXFileReference; fileEncoding = 4; lastKnownFileType = sourcecode.c.h; path = MMPanAndPinchFromListViewGestureRecognizer.h; sourceTree = "<group>"; };
		6630EDA015F15324007E38AA /* MMPanAndPinchFromListViewGestureRecognizer.m */ = {isa = PBXFileReference; fileEncoding = 4; lastKnownFileType = sourcecode.c.objc; path = MMPanAndPinchFromListViewGestureRecognizer.m; sourceTree = "<group>"; };
		6630EDA215F1588E007E38AA /* MMPanAndPinchFromListViewGestureRecognizerDelegate.h */ = {isa = PBXFileReference; fileEncoding = 4; lastKnownFileType = sourcecode.c.h; path = MMPanAndPinchFromListViewGestureRecognizerDelegate.h; sourceTree = "<group>"; };
		663C1876175538A800706A05 /* MMPencilEraserButton.h */ = {isa = PBXFileReference; fileEncoding = 4; lastKnownFileType = sourcecode.c.h; path = MMPencilEraserButton.h; sourceTree = "<group>"; };
		663C1877175538A800706A05 /* MMPencilEraserButton.m */ = {isa = PBXFileReference; fileEncoding = 4; lastKnownFileType = sourcecode.c.objc; path = MMPencilEraserButton.m; sourceTree = "<group>"; };
		663C187B1755B63D00706A05 /* Eraser.h */ = {isa = PBXFileReference; fileEncoding = 4; lastKnownFileType = sourcecode.c.h; path = Eraser.h; sourceTree = "<group>"; };
		663C187C1755B63D00706A05 /* Eraser.m */ = {isa = PBXFileReference; fileEncoding = 4; lastKnownFileType = sourcecode.c.objc; path = Eraser.m; sourceTree = "<group>"; };
		663C18891759B51600706A05 /* MMUndoRedoButton.h */ = {isa = PBXFileReference; fileEncoding = 4; lastKnownFileType = sourcecode.c.h; path = MMUndoRedoButton.h; sourceTree = "<group>"; };
		663C188A1759B51600706A05 /* MMUndoRedoButton.m */ = {isa = PBXFileReference; fileEncoding = 4; lastKnownFileType = sourcecode.c.objc; path = MMUndoRedoButton.m; sourceTree = "<group>"; };
		663C1893175A709B00706A05 /* JotUI.framework */ = {isa = PBXFileReference; lastKnownFileType = wrapper.framework; name = JotUI.framework; path = "../DerivedData/LooseLeaf/Build/Products/Debug-iphoneos/JotUI.framework"; sourceTree = "<group>"; };
		663C1895175A89EB00706A05 /* MMRulerButton.h */ = {isa = PBXFileReference; fileEncoding = 4; lastKnownFileType = sourcecode.c.h; path = MMRulerButton.h; sourceTree = "<group>"; };
		663C1896175A89ED00706A05 /* MMRulerButton.m */ = {isa = PBXFileReference; fileEncoding = 4; lastKnownFileType = sourcecode.c.objc; path = MMRulerButton.m; sourceTree = "<group>"; };
		664516B8159030FC0012FACA /* Constants.m */ = {isa = PBXFileReference; fileEncoding = 4; lastKnownFileType = sourcecode.c.objc; path = Constants.m; sourceTree = "<group>"; };
		66455F85175E938400C66DFA /* JotUI.framework */ = {isa = PBXFileReference; lastKnownFileType = wrapper.framework; name = JotUI.framework; path = "../Submodules/JotUI/JotUI/build/Release-iphoneos/JotUI.framework"; sourceTree = "<group>"; };
		664C62EE15A36DA40072736A /* MMListPaperStackView.h */ = {isa = PBXFileReference; fileEncoding = 4; lastKnownFileType = sourcecode.c.h; path = MMListPaperStackView.h; sourceTree = "<group>"; };
		664C62EF15A36DA40072736A /* MMListPaperStackView.m */ = {isa = PBXFileReference; fileEncoding = 4; lastKnownFileType = sourcecode.c.objc; path = MMListPaperStackView.m; sourceTree = "<group>"; };
		664F4137159063F8006F8B09 /* MMPlusIcon.h */ = {isa = PBXFileReference; fileEncoding = 4; lastKnownFileType = sourcecode.c.h; path = MMPlusIcon.h; sourceTree = "<group>"; };
		664F4138159063F8006F8B09 /* MMPlusIcon.m */ = {isa = PBXFileReference; fileEncoding = 4; lastKnownFileType = sourcecode.c.objc; path = MMPlusIcon.m; sourceTree = "<group>"; };
		664F413B1590661F006F8B09 /* MMRightArrow.h */ = {isa = PBXFileReference; fileEncoding = 4; lastKnownFileType = sourcecode.c.h; path = MMRightArrow.h; sourceTree = "<group>"; };
		664F413C1590661F006F8B09 /* MMRightArrow.m */ = {isa = PBXFileReference; fileEncoding = 4; lastKnownFileType = sourcecode.c.objc; path = MMRightArrow.m; sourceTree = "<group>"; };
		664F413E15906628006F8B09 /* MMLeftArrow.h */ = {isa = PBXFileReference; fileEncoding = 4; lastKnownFileType = sourcecode.c.h; path = MMLeftArrow.h; sourceTree = "<group>"; };
		664F413F15906628006F8B09 /* MMLeftArrow.m */ = {isa = PBXFileReference; fileEncoding = 4; lastKnownFileType = sourcecode.c.objc; path = MMLeftArrow.m; sourceTree = "<group>"; };
		6661144616FD67F8005032B9 /* Loose-Leaf_72.png */ = {isa = PBXFileReference; lastKnownFileType = image.png; name = "Loose-Leaf_72.png"; path = "../Loose-Leaf_72.png"; sourceTree = "<group>"; };
		6661144916FD67FA005032B9 /* Loose-Leaf_144.png */ = {isa = PBXFileReference; lastKnownFileType = image.png; name = "Loose-Leaf_144.png"; path = "../Loose-Leaf_144.png"; sourceTree = "<group>"; };
		66728713159515FC0018571A /* MMEditablePaperStackView.h */ = {isa = PBXFileReference; fileEncoding = 4; lastKnownFileType = sourcecode.c.h; path = MMEditablePaperStackView.h; sourceTree = "<group>"; };
		66728714159515FC0018571A /* MMEditablePaperStackView.m */ = {isa = PBXFileReference; fileEncoding = 4; lastKnownFileType = sourcecode.c.objc; path = MMEditablePaperStackView.m; sourceTree = "<group>"; };
		6693295815958A950033E557 /* MMShadowManager.h */ = {isa = PBXFileReference; fileEncoding = 4; lastKnownFileType = sourcecode.c.h; path = MMShadowManager.h; sourceTree = "<group>"; };
		6693295915958A950033E557 /* MMShadowManager.m */ = {isa = PBXFileReference; fileEncoding = 4; lastKnownFileType = sourcecode.c.objc; path = MMShadowManager.m; sourceTree = "<group>"; };
		66932963159593C00033E557 /* MMRotationManager.h */ = {isa = PBXFileReference; fileEncoding = 4; lastKnownFileType = sourcecode.c.h; path = MMRotationManager.h; sourceTree = "<group>"; };
		66932964159593C00033E557 /* MMRotationManager.m */ = {isa = PBXFileReference; fileEncoding = 4; lastKnownFileType = sourcecode.c.objc; path = MMRotationManager.m; sourceTree = "<group>"; };
		66932967159594A60033E557 /* MMRotationManagerDelegate.h */ = {isa = PBXFileReference; lastKnownFileType = sourcecode.c.h; path = MMRotationManagerDelegate.h; sourceTree = "<group>"; };
		669329681595A87E0033E557 /* MMMapButton.h */ = {isa = PBXFileReference; fileEncoding = 4; lastKnownFileType = sourcecode.c.h; path = MMMapButton.h; sourceTree = "<group>"; };
		669329691595A87E0033E557 /* MMMapButton.m */ = {isa = PBXFileReference; fileEncoding = 4; lastKnownFileType = sourcecode.c.objc; path = MMMapButton.m; sourceTree = "<group>"; };
		6693296B1596E0600033E557 /* MMBezelInRightGestureRecognizer.h */ = {isa = PBXFileReference; fileEncoding = 4; lastKnownFileType = sourcecode.c.h; path = MMBezelInRightGestureRecognizer.h; sourceTree = "<group>"; };
		6693296C1596E0600033E557 /* MMBezelInRightGestureRecognizer.m */ = {isa = PBXFileReference; fileEncoding = 4; lastKnownFileType = sourcecode.c.objc; path = MMBezelInRightGestureRecognizer.m; sourceTree = "<group>"; };
		6693296E1598E4DC0033E557 /* NSString+UUID.h */ = {isa = PBXFileReference; fileEncoding = 4; lastKnownFileType = sourcecode.c.h; path = "NSString+UUID.h"; sourceTree = "<group>"; };
		6693296F1598E4DC0033E557 /* NSString+UUID.m */ = {isa = PBXFileReference; fileEncoding = 4; lastKnownFileType = sourcecode.c.objc; path = "NSString+UUID.m"; sourceTree = "<group>"; };
		669329711598EE210033E557 /* UIView+Debug.h */ = {isa = PBXFileReference; fileEncoding = 4; lastKnownFileType = sourcecode.c.h; path = "UIView+Debug.h"; sourceTree = "<group>"; };
		669329721598EE210033E557 /* UIView+Debug.m */ = {isa = PBXFileReference; fileEncoding = 4; lastKnownFileType = sourcecode.c.objc; path = "UIView+Debug.m"; sourceTree = "<group>"; };
		6693297C1599196E0033E557 /* UIFont+UIBezierCurve.h */ = {isa = PBXFileReference; fileEncoding = 4; lastKnownFileType = sourcecode.c.h; path = "UIFont+UIBezierCurve.h"; sourceTree = "<group>"; };
		6693297D1599196E0033E557 /* UIFont+UIBezierCurve.m */ = {isa = PBXFileReference; fileEncoding = 4; lastKnownFileType = sourcecode.c.objc; path = "UIFont+UIBezierCurve.m"; sourceTree = "<group>"; };
		6695B6E2175008680069E61F /* OpenGLES.framework */ = {isa = PBXFileReference; lastKnownFileType = wrapper.framework; name = OpenGLES.framework; path = System/Library/Frameworks/OpenGLES.framework; sourceTree = SDKROOT; };
		6695B6E5175008840069E61F /* CoreBluetooth.framework */ = {isa = PBXFileReference; lastKnownFileType = wrapper.framework; name = CoreBluetooth.framework; path = System/Library/Frameworks/CoreBluetooth.framework; sourceTree = SDKROOT; };
		6695B6E71750088D0069E61F /* AudioToolbox.framework */ = {isa = PBXFileReference; lastKnownFileType = wrapper.framework; name = AudioToolbox.framework; path = System/Library/Frameworks/AudioToolbox.framework; sourceTree = SDKROOT; };
		6695B6EA17505FBF0069E61F /* MMEditablePaperView.h */ = {isa = PBXFileReference; fileEncoding = 4; lastKnownFileType = sourcecode.c.h; path = MMEditablePaperView.h; sourceTree = "<group>"; };
		6695B6EB17505FBF0069E61F /* MMEditablePaperView.m */ = {isa = PBXFileReference; fileEncoding = 4; lastKnownFileType = sourcecode.c.objc; path = MMEditablePaperView.m; sourceTree = "<group>"; };
		6695B6EE1751CC160069E61F /* Pen.h */ = {isa = PBXFileReference; fileEncoding = 4; lastKnownFileType = sourcecode.c.h; path = Pen.h; sourceTree = "<group>"; };
		6695B6EF1751CC160069E61F /* Pen.m */ = {isa = PBXFileReference; fileEncoding = 4; lastKnownFileType = sourcecode.c.objc; path = Pen.m; sourceTree = "<group>"; };
		66A13D381631D9D8002F5428 /* MMObjectSelectLongPressGestureRecognizer.h */ = {isa = PBXFileReference; fileEncoding = 4; lastKnownFileType = sourcecode.c.h; path = MMObjectSelectLongPressGestureRecognizer.h; sourceTree = "<group>"; };
		66A13D391631D9D8002F5428 /* MMObjectSelectLongPressGestureRecognizer.m */ = {isa = PBXFileReference; fileEncoding = 4; lastKnownFileType = sourcecode.c.objc; path = MMObjectSelectLongPressGestureRecognizer.m; sourceTree = "<group>"; };
		66A13D3E1631E0E6002F5428 /* MMImmovableTapGestureRecognizer.h */ = {isa = PBXFileReference; fileEncoding = 4; lastKnownFileType = sourcecode.c.h; path = MMImmovableTapGestureRecognizer.h; sourceTree = "<group>"; };
		66A13D3F1631E0E6002F5428 /* MMImmovableTapGestureRecognizer.m */ = {isa = PBXFileReference; fileEncoding = 4; lastKnownFileType = sourcecode.c.objc; path = MMImmovableTapGestureRecognizer.m; sourceTree = "<group>"; };
		66A3AF8C15913B5E00F8A7A6 /* NSMutableSet+Extras.h */ = {isa = PBXFileReference; fileEncoding = 4; lastKnownFileType = sourcecode.c.h; path = "NSMutableSet+Extras.h"; sourceTree = "<group>"; };
		66A3AF8D15913B5E00F8A7A6 /* NSMutableSet+Extras.m */ = {isa = PBXFileReference; fileEncoding = 4; lastKnownFileType = sourcecode.c.objc; path = "NSMutableSet+Extras.m"; sourceTree = "<group>"; };
		66A4BD121632170E00C45070 /* DrawKit-iOS.xcodeproj */ = {isa = PBXFileReference; lastKnownFileType = "wrapper.pb-project"; name = "DrawKit-iOS.xcodeproj"; path = "../../DrawKit-iOS/DrawKit-iOS.xcodeproj"; sourceTree = "<group>"; };
		66A4BD4416321ABC00C45070 /* NSThread+BlockAdditions.h */ = {isa = PBXFileReference; fileEncoding = 4; lastKnownFileType = sourcecode.c.h; path = "NSThread+BlockAdditions.h"; sourceTree = "<group>"; };
		66A4BD4516321ABC00C45070 /* NSThread+BlockAdditions.m */ = {isa = PBXFileReference; fileEncoding = 4; lastKnownFileType = sourcecode.c.objc; path = "NSThread+BlockAdditions.m"; sourceTree = "<group>"; };
		66AA212B16FBB31C00E86922 /* MMPopoverView.h */ = {isa = PBXFileReference; fileEncoding = 4; lastKnownFileType = sourcecode.c.h; path = MMPopoverView.h; sourceTree = "<group>"; };
		66AA212C16FBB31C00E86922 /* MMPopoverView.m */ = {isa = PBXFileReference; fileEncoding = 4; lastKnownFileType = sourcecode.c.objc; path = MMPopoverView.m; sourceTree = "<group>"; };
		66B21A54175AFCA70049F1AF /* MMHandButton.h */ = {isa = PBXFileReference; fileEncoding = 4; lastKnownFileType = sourcecode.c.h; path = MMHandButton.h; sourceTree = "<group>"; };
		66B21A55175AFCA70049F1AF /* MMHandButton.m */ = {isa = PBXFileReference; fileEncoding = 4; lastKnownFileType = sourcecode.c.objc; path = MMHandButton.m; sourceTree = "<group>"; };
		66B21A58175B0BF30049F1AF /* cloth.png */ = {isa = PBXFileReference; lastKnownFileType = image.png; path = cloth.png; sourceTree = "<group>"; };
		66B21A5A175D4C9A0049F1AF /* UIImage+Resize.m */ = {isa = PBXFileReference; fileEncoding = 4; lastKnownFileType = sourcecode.c.objc; path = "UIImage+Resize.m"; sourceTree = "<group>"; };
		66B21A5C175D4CA80049F1AF /* UIImage+Resize.h */ = {isa = PBXFileReference; lastKnownFileType = sourcecode.c.h; path = "UIImage+Resize.h"; sourceTree = "<group>"; };
		66B21A5D175D4D200049F1AF /* UIImage+Alpha.m */ = {isa = PBXFileReference; fileEncoding = 4; lastKnownFileType = sourcecode.c.objc; path = "UIImage+Alpha.m"; sourceTree = "<group>"; };
		66B21A5F175D4D240049F1AF /* UIImage+Alpha.h */ = {isa = PBXFileReference; lastKnownFileType = sourcecode.c.h; path = "UIImage+Alpha.h"; sourceTree = "<group>"; };
		66B21A60175D4D290049F1AF /* UIImage+RoundedCorner.m */ = {isa = PBXFileReference; fileEncoding = 4; lastKnownFileType = sourcecode.c.objc; path = "UIImage+RoundedCorner.m"; sourceTree = "<group>"; };
		66B21A62175D4D2E0049F1AF /* UIImage+RoundedCorner.h */ = {isa = PBXFileReference; lastKnownFileType = sourcecode.c.h; path = "UIImage+RoundedCorner.h"; sourceTree = "<group>"; };
		66B21A6A175E4A5A0049F1AF /* MMStackManager.h */ = {isa = PBXFileReference; fileEncoding = 4; lastKnownFileType = sourcecode.c.h; path = MMStackManager.h; sourceTree = "<group>"; };
		66B21A6B175E4A5A0049F1AF /* MMStackManager.m */ = {isa = PBXFileReference; fileEncoding = 4; lastKnownFileType = sourcecode.c.objc; path = MMStackManager.m; sourceTree = "<group>"; };
		66B21A74175E559E0049F1AF /* NSArray+Map.h */ = {isa = PBXFileReference; fileEncoding = 4; lastKnownFileType = sourcecode.c.h; path = "NSArray+Map.h"; sourceTree = "<group>"; };
		66B21A75175E559E0049F1AF /* NSArray+Map.m */ = {isa = PBXFileReference; fileEncoding = 4; lastKnownFileType = sourcecode.c.objc; path = "NSArray+Map.m"; sourceTree = "<group>"; };
		66B21A78175E595B0049F1AF /* MMBlockOperation.h */ = {isa = PBXFileReference; fileEncoding = 4; lastKnownFileType = sourcecode.c.h; path = MMBlockOperation.h; sourceTree = "<group>"; };
		66B21A79175E595B0049F1AF /* MMBlockOperation.m */ = {isa = PBXFileReference; fileEncoding = 4; lastKnownFileType = sourcecode.c.objc; path = MMBlockOperation.m; sourceTree = "<group>"; };
		66BD6E2E1591B57B00D4544C /* MMPaperButton.h */ = {isa = PBXFileReference; fileEncoding = 4; lastKnownFileType = sourcecode.c.h; path = MMPaperButton.h; sourceTree = "<group>"; };
		66BD6E2F1591B57B00D4544C /* MMPaperButton.m */ = {isa = PBXFileReference; fileEncoding = 4; lastKnownFileType = sourcecode.c.objc; path = MMPaperButton.m; sourceTree = "<group>"; };
		66BD6E321591C37D00D4544C /* UIImage+MCDrawSubImage.h */ = {isa = PBXFileReference; fileEncoding = 4; lastKnownFileType = sourcecode.c.h; path = "UIImage+MCDrawSubImage.h"; sourceTree = "<group>"; };
		66BD6E331591C37D00D4544C /* UIImage+MCDrawSubImage.m */ = {isa = PBXFileReference; fileEncoding = 4; lastKnownFileType = sourcecode.c.objc; path = "UIImage+MCDrawSubImage.m"; sourceTree = "<group>"; };
		66BD6E391592CFE500D4544C /* UIView+SubviewStacks.h */ = {isa = PBXFileReference; fileEncoding = 4; lastKnownFileType = sourcecode.c.h; path = "UIView+SubviewStacks.h"; sourceTree = "<group>"; };
		66BD6E3A1592CFE600D4544C /* UIView+SubviewStacks.m */ = {isa = PBXFileReference; fileEncoding = 4; lastKnownFileType = sourcecode.c.objc; path = "UIView+SubviewStacks.m"; sourceTree = "<group>"; };
		66BD6E64159316CF00D4544C /* CoreImage.framework */ = {isa = PBXFileReference; lastKnownFileType = wrapper.framework; name = CoreImage.framework; path = System/Library/Frameworks/CoreImage.framework; sourceTree = SDKROOT; };
		66BD6E6E1593A8CC00D4544C /* MMPlusButton.h */ = {isa = PBXFileReference; fileEncoding = 4; lastKnownFileType = sourcecode.c.h; path = MMPlusButton.h; sourceTree = "<group>"; };
		66BD6E6F1593A8CC00D4544C /* MMPlusButton.m */ = {isa = PBXFileReference; fileEncoding = 4; lastKnownFileType = sourcecode.c.objc; path = MMPlusButton.m; sourceTree = "<group>"; };
		66BD6E7C1593ACD400D4544C /* QuartzCore.framework */ = {isa = PBXFileReference; lastKnownFileType = wrapper.framework; name = QuartzCore.framework; path = System/Library/Frameworks/QuartzCore.framework; sourceTree = SDKROOT; };
		66BD6E7E1593AF4100D4544C /* MMSidebarButton.h */ = {isa = PBXFileReference; fileEncoding = 4; lastKnownFileType = sourcecode.c.h; path = MMSidebarButton.h; sourceTree = "<group>"; };
		66BD6E7F1593AF4100D4544C /* MMSidebarButton.m */ = {isa = PBXFileReference; fileEncoding = 4; lastKnownFileType = sourcecode.c.objc; path = MMSidebarButton.m; sourceTree = "<group>"; };
		66BD6E821593B12500D4544C /* CoreMotion.framework */ = {isa = PBXFileReference; lastKnownFileType = wrapper.framework; name = CoreMotion.framework; path = System/Library/Frameworks/CoreMotion.framework; sourceTree = SDKROOT; };
		66BD6E8B1593C3FF00D4544C /* MMSidebarButtonDelegate.h */ = {isa = PBXFileReference; lastKnownFileType = sourcecode.c.h; path = MMSidebarButtonDelegate.h; sourceTree = "<group>"; };
		66BD6E8C1593D18800D4544C /* MMPolylineButton.h */ = {isa = PBXFileReference; fileEncoding = 4; lastKnownFileType = sourcecode.c.h; path = MMPolylineButton.h; sourceTree = "<group>"; };
		66BD6E8D1593D18800D4544C /* MMPolylineButton.m */ = {isa = PBXFileReference; fileEncoding = 4; lastKnownFileType = sourcecode.c.objc; path = MMPolylineButton.m; sourceTree = "<group>"; };
		66BD6E8F1593DE4E00D4544C /* MMPolygonButton.h */ = {isa = PBXFileReference; fileEncoding = 4; lastKnownFileType = sourcecode.c.h; path = MMPolygonButton.h; sourceTree = "<group>"; };
		66BD6E901593DE4E00D4544C /* MMPolygonButton.m */ = {isa = PBXFileReference; fileEncoding = 4; lastKnownFileType = sourcecode.c.objc; path = MMPolygonButton.m; sourceTree = "<group>"; };
		66BD6E921593E1D700D4544C /* MMImageButton.h */ = {isa = PBXFileReference; fileEncoding = 4; lastKnownFileType = sourcecode.c.h; path = MMImageButton.h; sourceTree = "<group>"; };
		66BD6E931593E1D700D4544C /* MMImageButton.m */ = {isa = PBXFileReference; fileEncoding = 4; lastKnownFileType = sourcecode.c.objc; path = MMImageButton.m; sourceTree = "<group>"; };
		66BD6E951593E98D00D4544C /* MMTextButton.h */ = {isa = PBXFileReference; fileEncoding = 4; lastKnownFileType = sourcecode.c.h; path = MMTextButton.h; sourceTree = "<group>"; };
		66BD6E961593E98D00D4544C /* MMTextButton.m */ = {isa = PBXFileReference; fileEncoding = 4; lastKnownFileType = sourcecode.c.objc; path = MMTextButton.m; sourceTree = "<group>"; };
		66BD6E981593E9C300D4544C /* CoreText.framework */ = {isa = PBXFileReference; lastKnownFileType = wrapper.framework; name = CoreText.framework; path = System/Library/Frameworks/CoreText.framework; sourceTree = SDKROOT; };
		66BD6E9A15940D7300D4544C /* MMPencilButton.h */ = {isa = PBXFileReference; fileEncoding = 4; lastKnownFileType = sourcecode.c.h; path = MMPencilButton.h; sourceTree = "<group>"; };
		66BD6E9B15940D7400D4544C /* MMPencilButton.m */ = {isa = PBXFileReference; fileEncoding = 4; lastKnownFileType = sourcecode.c.objc; path = MMPencilButton.m; sourceTree = "<group>"; };
		66BD6E9D15941B7A00D4544C /* MMShareButton.h */ = {isa = PBXFileReference; fileEncoding = 4; lastKnownFileType = sourcecode.c.h; path = MMShareButton.h; sourceTree = "<group>"; };
		66BD6E9E15941B7B00D4544C /* MMShareButton.m */ = {isa = PBXFileReference; fileEncoding = 4; lastKnownFileType = sourcecode.c.objc; lineEnding = 0; path = MMShareButton.m; sourceTree = "<group>"; xcLanguageSpecificationIdentifier = xcode.lang.objc; };
		66C38AC7175329160035B872 /* JotTouchSDK.framework */ = {isa = PBXFileReference; lastKnownFileType = wrapper.framework; name = JotTouchSDK.framework; path = ../Submodules/JotUI/JotTouchSDK/JotTouchSDK.framework; sourceTree = "<group>"; };
		66C47DA5158EF03200E2CD0C /* MMPaperViewDelegate.h */ = {isa = PBXFileReference; fileEncoding = 4; lastKnownFileType = sourcecode.c.h; path = MMPaperViewDelegate.h; sourceTree = "<group>"; };
		66D0905415F7080F004D2CAF /* MMListAddPageButton.h */ = {isa = PBXFileReference; fileEncoding = 4; lastKnownFileType = sourcecode.c.h; path = MMListAddPageButton.h; sourceTree = "<group>"; };
		66D0905515F70810004D2CAF /* MMListAddPageButton.m */ = {isa = PBXFileReference; fileEncoding = 4; lastKnownFileType = sourcecode.c.objc; path = MMListAddPageButton.m; sourceTree = "<group>"; };
		66D0905815F71941004D2CAF /* MMListAddPageButtonDelegate.h */ = {isa = PBXFileReference; fileEncoding = 4; lastKnownFileType = sourcecode.c.h; path = MMListAddPageButtonDelegate.h; sourceTree = "<group>"; };
		66D33F4A15A6408A0044C809 /* MMShadowedView.h */ = {isa = PBXFileReference; fileEncoding = 4; lastKnownFileType = sourcecode.c.h; path = MMShadowedView.h; sourceTree = "<group>"; };
		66D33F4B15A6408A0044C809 /* MMShadowedView.m */ = {isa = PBXFileReference; fileEncoding = 4; lastKnownFileType = sourcecode.c.objc; path = MMShadowedView.m; sourceTree = "<group>"; };
		66DCFB861581BCEF00B4918C /* LooseLeaf.app */ = {isa = PBXFileReference; explicitFileType = wrapper.application; includeInIndex = 0; path = LooseLeaf.app; sourceTree = BUILT_PRODUCTS_DIR; };
		66DCFB8A1581BCEF00B4918C /* UIKit.framework */ = {isa = PBXFileReference; lastKnownFileType = wrapper.framework; name = UIKit.framework; path = System/Library/Frameworks/UIKit.framework; sourceTree = SDKROOT; };
		66DCFB8C1581BCEF00B4918C /* Foundation.framework */ = {isa = PBXFileReference; lastKnownFileType = wrapper.framework; name = Foundation.framework; path = System/Library/Frameworks/Foundation.framework; sourceTree = SDKROOT; };
		66DCFB8E1581BCEF00B4918C /* CoreGraphics.framework */ = {isa = PBXFileReference; lastKnownFileType = wrapper.framework; name = CoreGraphics.framework; path = System/Library/Frameworks/CoreGraphics.framework; sourceTree = SDKROOT; };
		66DCFB921581BCEF00B4918C /* LooseLeaf-Info.plist */ = {isa = PBXFileReference; lastKnownFileType = text.plist.xml; path = "LooseLeaf-Info.plist"; sourceTree = "<group>"; };
		66DCFB941581BCEF00B4918C /* en */ = {isa = PBXFileReference; lastKnownFileType = text.plist.strings; name = en; path = en.lproj/InfoPlist.strings; sourceTree = "<group>"; };
		66DCFB961581BCEF00B4918C /* main.m */ = {isa = PBXFileReference; lastKnownFileType = sourcecode.c.objc; path = main.m; sourceTree = "<group>"; };
		66DCFB981581BCEF00B4918C /* LooseLeaf-Prefix.pch */ = {isa = PBXFileReference; lastKnownFileType = sourcecode.c.h; path = "LooseLeaf-Prefix.pch"; sourceTree = "<group>"; };
		66DCFB991581BCEF00B4918C /* MMAppDelegate.h */ = {isa = PBXFileReference; lastKnownFileType = sourcecode.c.h; path = MMAppDelegate.h; sourceTree = "<group>"; };
		66DCFB9A1581BCEF00B4918C /* MMAppDelegate.m */ = {isa = PBXFileReference; lastKnownFileType = sourcecode.c.objc; path = MMAppDelegate.m; sourceTree = "<group>"; };
		66DCFB9C1581BCEF00B4918C /* MMPaperStackViewController.h */ = {isa = PBXFileReference; lastKnownFileType = sourcecode.c.h; path = MMPaperStackViewController.h; sourceTree = "<group>"; };
		66DCFB9D1581BCEF00B4918C /* MMPaperStackViewController.m */ = {isa = PBXFileReference; lastKnownFileType = sourcecode.c.objc; path = MMPaperStackViewController.m; sourceTree = "<group>"; };
		66DCFBA01581BCEF00B4918C /* en */ = {isa = PBXFileReference; lastKnownFileType = file.xib; name = en; path = en.lproj/MMPaperStackViewController.xib; sourceTree = "<group>"; };
		66DCFBA81581BCEF00B4918C /* SenTestingKit.framework */ = {isa = PBXFileReference; lastKnownFileType = wrapper.framework; name = SenTestingKit.framework; path = Library/Frameworks/SenTestingKit.framework; sourceTree = DEVELOPER_DIR; };
		66DCFBC01581C85B00B4918C /* MMPaperStackView.h */ = {isa = PBXFileReference; fileEncoding = 4; lastKnownFileType = sourcecode.c.h; path = MMPaperStackView.h; sourceTree = "<group>"; };
		66DCFBC11581C85B00B4918C /* MMPaperStackView.m */ = {isa = PBXFileReference; fileEncoding = 4; lastKnownFileType = sourcecode.c.objc; path = MMPaperStackView.m; sourceTree = "<group>"; };
		66DCFBCB1582BAED00B4918C /* MMPaperView.h */ = {isa = PBXFileReference; fileEncoding = 4; lastKnownFileType = sourcecode.c.h; path = MMPaperView.h; sourceTree = "<group>"; };
		66DCFBCC1582BAED00B4918C /* MMPaperView.m */ = {isa = PBXFileReference; fileEncoding = 4; lastKnownFileType = sourcecode.c.objc; path = MMPaperView.m; sourceTree = "<group>"; };
		66DCFBCF1582BC0E00B4918C /* img01.jpg */ = {isa = PBXFileReference; lastKnownFileType = image.jpeg; path = img01.jpg; sourceTree = "<group>"; };
		66DCFBDB1582BE3900B4918C /* Constants.h */ = {isa = PBXFileReference; fileEncoding = 4; lastKnownFileType = sourcecode.c.h; path = Constants.h; sourceTree = "<group>"; };
		66DCFBDD1582BF3E00B4918C /* MMPanAndPinchGestureRecognizer.h */ = {isa = PBXFileReference; fileEncoding = 4; lastKnownFileType = sourcecode.c.h; path = MMPanAndPinchGestureRecognizer.h; sourceTree = "<group>"; };
		66DCFBDE1582BF3E00B4918C /* MMPanAndPinchGestureRecognizer.m */ = {isa = PBXFileReference; fileEncoding = 4; lastKnownFileType = sourcecode.c.objc; path = MMPanAndPinchGestureRecognizer.m; sourceTree = "<group>"; };
		66DF0B7C159BC30200C5C652 /* UIView+Animations.h */ = {isa = PBXFileReference; fileEncoding = 4; lastKnownFileType = sourcecode.c.h; path = "UIView+Animations.h"; sourceTree = "<group>"; };
		66DF0B7D159BC30200C5C652 /* UIView+Animations.m */ = {isa = PBXFileReference; fileEncoding = 4; lastKnownFileType = sourcecode.c.objc; path = "UIView+Animations.m"; sourceTree = "<group>"; };
		66E88A351591853E001A6EBF /* MMPapersIcon.h */ = {isa = PBXFileReference; fileEncoding = 4; lastKnownFileType = sourcecode.c.h; path = MMPapersIcon.h; sourceTree = "<group>"; };
		66E88A361591853E001A6EBF /* MMPapersIcon.m */ = {isa = PBXFileReference; fileEncoding = 4; lastKnownFileType = sourcecode.c.objc; path = MMPapersIcon.m; sourceTree = "<group>"; };
/* End PBXFileReference section */

/* Begin PBXFrameworksBuildPhase section */
		66DCFB831581BCEF00B4918C /* Frameworks */ = {
			isa = PBXFrameworksBuildPhase;
			buildActionMask = 2147483647;
			files = (
				66455F86175E938500C66DFA /* JotUI.framework in Frameworks */,
				66455F84175E938000C66DFA /* DrawKit-iOS.framework in Frameworks */,
				663C188F1759B57800706A05 /* JotTouchSDK.framework in Frameworks */,
				6695B6E81750088D0069E61F /* AudioToolbox.framework in Frameworks */,
				6695B6E6175008840069E61F /* CoreBluetooth.framework in Frameworks */,
				6695B6E3175008680069E61F /* OpenGLES.framework in Frameworks */,
				66BD6E991593E9C400D4544C /* CoreText.framework in Frameworks */,
				66BD6E831593B12500D4544C /* CoreMotion.framework in Frameworks */,
				66BD6E7D1593ACD400D4544C /* QuartzCore.framework in Frameworks */,
				66BD6E65159316CF00D4544C /* CoreImage.framework in Frameworks */,
				66DCFB8B1581BCEF00B4918C /* UIKit.framework in Frameworks */,
				66DCFB8D1581BCEF00B4918C /* Foundation.framework in Frameworks */,
				66DCFB8F1581BCEF00B4918C /* CoreGraphics.framework in Frameworks */,
			);
			runOnlyForDeploymentPostprocessing = 0;
		};
/* End PBXFrameworksBuildPhase section */

/* Begin PBXGroup section */
		660E1DA6158FC6120001DA12 /* Categories */ = {
			isa = PBXGroup;
			children = (
				66A4BD4416321ABC00C45070 /* NSThread+BlockAdditions.h */,
				66A4BD4516321ABC00C45070 /* NSThread+BlockAdditions.m */,
				66A3AF8C15913B5E00F8A7A6 /* NSMutableSet+Extras.h */,
				66A3AF8D15913B5E00F8A7A6 /* NSMutableSet+Extras.m */,
				66B21A62175D4D2E0049F1AF /* UIImage+RoundedCorner.h */,
				66B21A60175D4D290049F1AF /* UIImage+RoundedCorner.m */,
				66B21A5F175D4D240049F1AF /* UIImage+Alpha.h */,
				66B21A5D175D4D200049F1AF /* UIImage+Alpha.m */,
				66B21A5C175D4CA80049F1AF /* UIImage+Resize.h */,
				66B21A5A175D4C9A0049F1AF /* UIImage+Resize.m */,
				66BD6E321591C37D00D4544C /* UIImage+MCDrawSubImage.h */,
				66BD6E331591C37D00D4544C /* UIImage+MCDrawSubImage.m */,
				660E1DA7158FC6300001DA12 /* NSMutableArray+QueueAdditions.h */,
				660E1DA8158FC6300001DA12 /* NSMutableArray+QueueAdditions.m */,
				660E1DAA158FC65C0001DA12 /* NSMutableArray+StackAdditions.h */,
				660E1DAB158FC65C0001DA12 /* NSMutableArray+StackAdditions.m */,
				660E1DB1159028560001DA12 /* NSArray+MapReduce.h */,
				660E1DB2159028560001DA12 /* NSArray+MapReduce.m */,
				66BD6E391592CFE500D4544C /* UIView+SubviewStacks.h */,
				66BD6E3A1592CFE600D4544C /* UIView+SubviewStacks.m */,
				6693296E1598E4DC0033E557 /* NSString+UUID.h */,
				6693296F1598E4DC0033E557 /* NSString+UUID.m */,
				669329711598EE210033E557 /* UIView+Debug.h */,
				669329721598EE210033E557 /* UIView+Debug.m */,
				6693297C1599196E0033E557 /* UIFont+UIBezierCurve.h */,
				6693297D1599196E0033E557 /* UIFont+UIBezierCurve.m */,
				66DF0B7C159BC30200C5C652 /* UIView+Animations.h */,
				66DF0B7D159BC30200C5C652 /* UIView+Animations.m */,
				66B21A74175E559E0049F1AF /* NSArray+Map.h */,
				66B21A75175E559E0049F1AF /* NSArray+Map.m */,
			);
			name = Categories;
			sourceTree = "<group>";
		};
		660E1DAD158FC7CA0001DA12 /* Icons */ = {
			isa = PBXGroup;
			children = (
				660E1DAE158FC7DB0001DA12 /* MMPaperIcon.h */,
				660E1DAF158FC7DB0001DA12 /* MMPaperIcon.m */,
				66E88A351591853E001A6EBF /* MMPapersIcon.h */,
				66E88A361591853E001A6EBF /* MMPapersIcon.m */,
				664F4137159063F8006F8B09 /* MMPlusIcon.h */,
				664F4138159063F8006F8B09 /* MMPlusIcon.m */,
				664F413B1590661F006F8B09 /* MMRightArrow.h */,
				664F413C1590661F006F8B09 /* MMRightArrow.m */,
				664F413E15906628006F8B09 /* MMLeftArrow.h */,
				664F413F15906628006F8B09 /* MMLeftArrow.m */,
			);
			name = Icons;
			sourceTree = "<group>";
		};
		664C62F115A36DB00072736A /* MMPaperView */ = {
			isa = PBXGroup;
			children = (
				66C38AC51753226F0035B872 /* Tools */,
				66D33F4A15A6408A0044C809 /* MMShadowedView.h */,
				66D33F4B15A6408A0044C809 /* MMShadowedView.m */,
				66DCFBCB1582BAED00B4918C /* MMPaperView.h */,
				66DCFBCC1582BAED00B4918C /* MMPaperView.m */,
				6695B6EA17505FBF0069E61F /* MMEditablePaperView.h */,
				6695B6EB17505FBF0069E61F /* MMEditablePaperView.m */,
				66C47DA5158EF03200E2CD0C /* MMPaperViewDelegate.h */,
			);
			name = MMPaperView;
			sourceTree = "<group>";
		};
		6693295715958A890033E557 /* Managers */ = {
			isa = PBXGroup;
			children = (
				6693295815958A950033E557 /* MMShadowManager.h */,
				6693295915958A950033E557 /* MMShadowManager.m */,
				66932963159593C00033E557 /* MMRotationManager.h */,
				66932964159593C00033E557 /* MMRotationManager.m */,
				66932967159594A60033E557 /* MMRotationManagerDelegate.h */,
				66B21A6A175E4A5A0049F1AF /* MMStackManager.h */,
				66B21A6B175E4A5A0049F1AF /* MMStackManager.m */,
			);
			name = Managers;
			sourceTree = "<group>";
		};
		6693298015996C530033E557 /* Astronaut Images */ = {
			isa = PBXGroup;
			children = (
				66DCFBCF1582BC0E00B4918C /* img01.jpg */,
				660E1D9B158FC4570001DA12 /* img02.jpg */,
				660E1DA0158FC4710001DA12 /* img03.jpg */,
				660E1DA4158FC47D0001DA12 /* img04.jpg */,
				660E1DA2158FC4750001DA12 /* img05.jpg */,
				660E1D9E158FC45E0001DA12 /* img06.jpg */,
			);
			name = "Astronaut Images";
			sourceTree = "<group>";
		};
		6693298115996C6A0033E557 /* Controller and App Delegate */ = {
			isa = PBXGroup;
			children = (
				66DCFB991581BCEF00B4918C /* MMAppDelegate.h */,
				66DCFB9A1581BCEF00B4918C /* MMAppDelegate.m */,
				66DCFB9C1581BCEF00B4918C /* MMPaperStackViewController.h */,
				66DCFB9D1581BCEF00B4918C /* MMPaperStackViewController.m */,
				66DCFB9F1581BCEF00B4918C /* MMPaperStackViewController.xib */,
			);
			name = "Controller and App Delegate";
			sourceTree = "<group>";
		};
		66932995159984090033E557 /* Experiments */ = {
			isa = PBXGroup;
			children = (
				66AA212B16FBB31C00E86922 /* MMPopoverView.h */,
				66AA212C16FBB31C00E86922 /* MMPopoverView.m */,
			);
			name = Experiments;
			sourceTree = "<group>";
		};
		6695B6E1175008530069E61F /* JotUI */ = {
			isa = PBXGroup;
			children = (
				663C1893175A709B00706A05 /* JotUI.framework */,
				66455F85175E938400C66DFA /* JotUI.framework */,
				6695B6E2175008680069E61F /* OpenGLES.framework */,
				66DCFB8E1581BCEF00B4918C /* CoreGraphics.framework */,
				66BD6E7C1593ACD400D4544C /* QuartzCore.framework */,
			);
			name = JotUI;
			sourceTree = "<group>";
		};
		6695B6E41750086D0069E61F /* JotTouchSDK */ = {
			isa = PBXGroup;
			children = (
				66C38AC7175329160035B872 /* JotTouchSDK.framework */,
				6695B6E71750088D0069E61F /* AudioToolbox.framework */,
				6695B6E5175008840069E61F /* CoreBluetooth.framework */,
			);
			name = JotTouchSDK;
			sourceTree = "<group>";
		};
		66A13D3C1631E06D002F5428 /* Object Selection */ = {
			isa = PBXGroup;
			children = (
				66A13D381631D9D8002F5428 /* MMObjectSelectLongPressGestureRecognizer.h */,
				66A13D391631D9D8002F5428 /* MMObjectSelectLongPressGestureRecognizer.m */,
				66A13D3E1631E0E6002F5428 /* MMImmovableTapGestureRecognizer.h */,
				66A13D3F1631E0E6002F5428 /* MMImmovableTapGestureRecognizer.m */,
			);
			name = "Object Selection";
			sourceTree = "<group>";
		};
		66A13D3D1631E075002F5428 /* Page Navigation */ = {
			isa = PBXGroup;
			children = (
				66DCFBDD1582BF3E00B4918C /* MMPanAndPinchGestureRecognizer.h */,
				66DCFBDE1582BF3E00B4918C /* MMPanAndPinchGestureRecognizer.m */,
				6693296B1596E0600033E557 /* MMBezelInRightGestureRecognizer.h */,
				6693296C1596E0600033E557 /* MMBezelInRightGestureRecognizer.m */,
				6630ED9F15F15324007E38AA /* MMPanAndPinchFromListViewGestureRecognizer.h */,
				6630EDA015F15324007E38AA /* MMPanAndPinchFromListViewGestureRecognizer.m */,
				6630EDA215F1588E007E38AA /* MMPanAndPinchFromListViewGestureRecognizerDelegate.h */,
			);
			name = "Page Navigation";
			sourceTree = "<group>";
		};
		66A4BD131632170E00C45070 /* Products */ = {
			isa = PBXGroup;
			children = (
				66A4BD181632170E00C45070 /* DrawKit-iOS.framework */,
				66A4BD1A1632170E00C45070 /* DrawKit-iOSTests.octest */,
			);
			name = Products;
			sourceTree = "<group>";
		};
		66B21A77175E59490049F1AF /* Operations */ = {
			isa = PBXGroup;
			children = (
				66B21A78175E595B0049F1AF /* MMBlockOperation.h */,
				66B21A79175E595B0049F1AF /* MMBlockOperation.m */,
			);
			name = Operations;
			sourceTree = "<group>";
		};
		66BD6E811593AF4500D4544C /* Buttons */ = {
			isa = PBXGroup;
			children = (
				663C18891759B51600706A05 /* MMUndoRedoButton.h */,
				663C188A1759B51600706A05 /* MMUndoRedoButton.m */,
				66BD6E7E1593AF4100D4544C /* MMSidebarButton.h */,
				66BD6E7F1593AF4100D4544C /* MMSidebarButton.m */,
				66D0905415F7080F004D2CAF /* MMListAddPageButton.h */,
				66D0905515F70810004D2CAF /* MMListAddPageButton.m */,
				66D0905815F71941004D2CAF /* MMListAddPageButtonDelegate.h */,
				66BD6E8B1593C3FF00D4544C /* MMSidebarButtonDelegate.h */,
				66BD6E2E1591B57B00D4544C /* MMPaperButton.h */,
				66BD6E2F1591B57B00D4544C /* MMPaperButton.m */,
				66BD6E6E1593A8CC00D4544C /* MMPlusButton.h */,
				66BD6E6F1593A8CC00D4544C /* MMPlusButton.m */,
				66BD6E8C1593D18800D4544C /* MMPolylineButton.h */,
				66BD6E8D1593D18800D4544C /* MMPolylineButton.m */,
				66BD6E8F1593DE4E00D4544C /* MMPolygonButton.h */,
				66BD6E901593DE4E00D4544C /* MMPolygonButton.m */,
				66BD6E921593E1D700D4544C /* MMImageButton.h */,
				66BD6E931593E1D700D4544C /* MMImageButton.m */,
				66BD6E951593E98D00D4544C /* MMTextButton.h */,
				66BD6E961593E98D00D4544C /* MMTextButton.m */,
				66BD6E9A15940D7300D4544C /* MMPencilButton.h */,
				66BD6E9B15940D7400D4544C /* MMPencilButton.m */,
				663C1876175538A800706A05 /* MMPencilEraserButton.h */,
				663C1877175538A800706A05 /* MMPencilEraserButton.m */,
				66BD6E9D15941B7A00D4544C /* MMShareButton.h */,
				66BD6E9E15941B7B00D4544C /* MMShareButton.m */,
				669329681595A87E0033E557 /* MMMapButton.h */,
				669329691595A87E0033E557 /* MMMapButton.m */,
				663C1895175A89EB00706A05 /* MMRulerButton.h */,
				663C1896175A89ED00706A05 /* MMRulerButton.m */,
				66B21A54175AFCA70049F1AF /* MMHandButton.h */,
				66B21A55175AFCA70049F1AF /* MMHandButton.m */,
			);
			name = Buttons;
			sourceTree = "<group>";
		};
		66C38AC51753226F0035B872 /* Tools */ = {
			isa = PBXGroup;
			children = (
				6695B6EE1751CC160069E61F /* Pen.h */,
				6695B6EF1751CC160069E61F /* Pen.m */,
				663C187B1755B63D00706A05 /* Eraser.h */,
				663C187C1755B63D00706A05 /* Eraser.m */,
			);
			name = Tools;
			sourceTree = "<group>";
		};
		66DCFB7B1581BCED00B4918C = {
			isa = PBXGroup;
			children = (
				66A4BD121632170E00C45070 /* DrawKit-iOS.xcodeproj */,
				66DCFB901581BCEF00B4918C /* Loose Leaf */,
				66DCFB891581BCEF00B4918C /* Frameworks */,
				66DCFB871581BCEF00B4918C /* Products */,
			);
			sourceTree = "<group>";
		};
		66DCFB871581BCEF00B4918C /* Products */ = {
			isa = PBXGroup;
			children = (
				66DCFB861581BCEF00B4918C /* LooseLeaf.app */,
			);
			name = Products;
			sourceTree = "<group>";
		};
		66DCFB891581BCEF00B4918C /* Frameworks */ = {
			isa = PBXGroup;
			children = (
				6695B6E1175008530069E61F /* JotUI */,
				6695B6E41750086D0069E61F /* JotTouchSDK */,
				66BD6E981593E9C300D4544C /* CoreText.framework */,
				66BD6E821593B12500D4544C /* CoreMotion.framework */,
				66BD6E64159316CF00D4544C /* CoreImage.framework */,
				66DCFB8A1581BCEF00B4918C /* UIKit.framework */,
				66DCFB8C1581BCEF00B4918C /* Foundation.framework */,
				66DCFBA81581BCEF00B4918C /* SenTestingKit.framework */,
			);
			name = Frameworks;
			sourceTree = "<group>";
		};
		66DCFB901581BCEF00B4918C /* Loose Leaf */ = {
			isa = PBXGroup;
			children = (
				66932995159984090033E557 /* Experiments */,
				6693295715958A890033E557 /* Managers */,
				66BD6E811593AF4500D4544C /* Buttons */,
				660E1DAD158FC7CA0001DA12 /* Icons */,
				66DCFBDC1582BF1600B4918C /* Gestures */,
				664C62F115A36DB00072736A /* MMPaperView */,
				66DCFBBF1581C7F400B4918C /* MMPaperStack */,
				6693298115996C6A0033E557 /* Controller and App Delegate */,
				66DCFB911581BCEF00B4918C /* Supporting Files */,
			);
			name = "Loose Leaf";
			path = LooseLeaf;
			sourceTree = "<group>";
		};
		66DCFB911581BCEF00B4918C /* Supporting Files */ = {
			isa = PBXGroup;
			children = (
				66B21A77175E59490049F1AF /* Operations */,
				66B21A58175B0BF30049F1AF /* cloth.png */,
				6693298015996C530033E557 /* Astronaut Images */,
				660E1DA6158FC6120001DA12 /* Categories */,
				6661144916FD67FA005032B9 /* Loose-Leaf_144.png */,
				6661144616FD67F8005032B9 /* Loose-Leaf_72.png */,
				66DCFB921581BCEF00B4918C /* LooseLeaf-Info.plist */,
				66DCFB931581BCEF00B4918C /* InfoPlist.strings */,
				66DCFB961581BCEF00B4918C /* main.m */,
				66DCFB981581BCEF00B4918C /* LooseLeaf-Prefix.pch */,
				66DCFBDB1582BE3900B4918C /* Constants.h */,
				664516B8159030FC0012FACA /* Constants.m */,
			);
			name = "Supporting Files";
			sourceTree = "<group>";
		};
		66DCFBBF1581C7F400B4918C /* MMPaperStack */ = {
			isa = PBXGroup;
			children = (
				66DCFBC01581C85B00B4918C /* MMPaperStackView.h */,
				66DCFBC11581C85B00B4918C /* MMPaperStackView.m */,
				664C62EE15A36DA40072736A /* MMListPaperStackView.h */,
				664C62EF15A36DA40072736A /* MMListPaperStackView.m */,
				66728713159515FC0018571A /* MMEditablePaperStackView.h */,
				66728714159515FC0018571A /* MMEditablePaperStackView.m */,
			);
			name = MMPaperStack;
			sourceTree = "<group>";
		};
		66DCFBDC1582BF1600B4918C /* Gestures */ = {
			isa = PBXGroup;
			children = (
				66A13D3D1631E075002F5428 /* Page Navigation */,
				66A13D3C1631E06D002F5428 /* Object Selection */,
			);
			name = Gestures;
			sourceTree = "<group>";
		};
/* End PBXGroup section */

/* Begin PBXNativeTarget section */
		66DCFB851581BCEF00B4918C /* LooseLeaf */ = {
			isa = PBXNativeTarget;
			buildConfigurationList = 66DCFBB91581BCF000B4918C /* Build configuration list for PBXNativeTarget "LooseLeaf" */;
			buildPhases = (
				66DCFB821581BCEF00B4918C /* Sources */,
				66DCFB831581BCEF00B4918C /* Frameworks */,
				66DCFB841581BCEF00B4918C /* Resources */,
			);
			buildRules = (
			);
			dependencies = (
				66455F83175E937500C66DFA /* PBXTargetDependency */,
			);
			name = LooseLeaf;
			productName = "Paper Stack";
			productReference = 66DCFB861581BCEF00B4918C /* LooseLeaf.app */;
			productType = "com.apple.product-type.application";
		};
/* End PBXNativeTarget section */

/* Begin PBXProject section */
		66DCFB7D1581BCED00B4918C /* Project object */ = {
			isa = PBXProject;
			attributes = {
				CLASSPREFIX = MM;
				LastUpgradeCheck = 0460;
				ORGANIZATIONNAME = "Milestone Made, LLC";
			};
			buildConfigurationList = 66DCFB801581BCED00B4918C /* Build configuration list for PBXProject "LooseLeaf" */;
			compatibilityVersion = "Xcode 3.2";
			developmentRegion = English;
			hasScannedForEncodings = 0;
			knownRegions = (
				en,
			);
			mainGroup = 66DCFB7B1581BCED00B4918C;
			productRefGroup = 66DCFB871581BCEF00B4918C /* Products */;
			projectDirPath = "";
			projectReferences = (
				{
					ProductGroup = 66A4BD131632170E00C45070 /* Products */;
					ProjectRef = 66A4BD121632170E00C45070 /* DrawKit-iOS.xcodeproj */;
				},
			);
			projectRoot = "";
			targets = (
				66DCFB851581BCEF00B4918C /* LooseLeaf */,
			);
		};
/* End PBXProject section */

/* Begin PBXReferenceProxy section */
		66A4BD181632170E00C45070 /* DrawKit-iOS.framework */ = {
			isa = PBXReferenceProxy;
			fileType = wrapper.framework.static;
			path = "DrawKit-iOS.framework";
			remoteRef = 66A4BD171632170E00C45070 /* PBXContainerItemProxy */;
			sourceTree = BUILT_PRODUCTS_DIR;
		};
		66A4BD1A1632170E00C45070 /* DrawKit-iOSTests.octest */ = {
			isa = PBXReferenceProxy;
			fileType = wrapper.cfbundle;
			path = "DrawKit-iOSTests.octest";
			remoteRef = 66A4BD191632170E00C45070 /* PBXContainerItemProxy */;
			sourceTree = BUILT_PRODUCTS_DIR;
		};
/* End PBXReferenceProxy section */

/* Begin PBXResourcesBuildPhase section */
		66DCFB841581BCEF00B4918C /* Resources */ = {
			isa = PBXResourcesBuildPhase;
			buildActionMask = 2147483647;
			files = (
				66DCFB951581BCEF00B4918C /* InfoPlist.strings in Resources */,
				66DCFBA11581BCEF00B4918C /* MMPaperStackViewController.xib in Resources */,
				66DCFBD01582BC0E00B4918C /* img01.jpg in Resources */,
				660E1D9C158FC4570001DA12 /* img02.jpg in Resources */,
				660E1D9F158FC45E0001DA12 /* img06.jpg in Resources */,
				660E1DA1158FC4710001DA12 /* img03.jpg in Resources */,
				660E1DA3158FC4750001DA12 /* img05.jpg in Resources */,
				660E1DA5158FC47D0001DA12 /* img04.jpg in Resources */,
				6661144716FD67F8005032B9 /* Loose-Leaf_72.png in Resources */,
				6661144A16FD67FA005032B9 /* Loose-Leaf_144.png in Resources */,
				66B21A59175B0BF30049F1AF /* cloth.png in Resources */,
			);
			runOnlyForDeploymentPostprocessing = 0;
		};
/* End PBXResourcesBuildPhase section */

/* Begin PBXSourcesBuildPhase section */
		66DCFB821581BCEF00B4918C /* Sources */ = {
			isa = PBXSourcesBuildPhase;
			buildActionMask = 2147483647;
			files = (
				66DCFB971581BCEF00B4918C /* main.m in Sources */,
				66DCFB9B1581BCEF00B4918C /* MMAppDelegate.m in Sources */,
				66DCFB9E1581BCEF00B4918C /* MMPaperStackViewController.m in Sources */,
				66DCFBC21581C85B00B4918C /* MMPaperStackView.m in Sources */,
				66DCFBCD1582BAED00B4918C /* MMPaperView.m in Sources */,
				660E1DA9158FC6300001DA12 /* NSMutableArray+QueueAdditions.m in Sources */,
				660E1DAC158FC65C0001DA12 /* NSMutableArray+StackAdditions.m in Sources */,
				660E1DB0158FC7DB0001DA12 /* MMPaperIcon.m in Sources */,
				660E1DB3159028560001DA12 /* NSArray+MapReduce.m in Sources */,
				664516B9159030FC0012FACA /* Constants.m in Sources */,
				664F4139159063F8006F8B09 /* MMPlusIcon.m in Sources */,
				664F413D1590661F006F8B09 /* MMRightArrow.m in Sources */,
				664F414015906628006F8B09 /* MMLeftArrow.m in Sources */,
				66A3AF8E15913B5E00F8A7A6 /* NSMutableSet+Extras.m in Sources */,
				66E88A371591853E001A6EBF /* MMPapersIcon.m in Sources */,
				66BD6E301591B57B00D4544C /* MMPaperButton.m in Sources */,
				66BD6E341591C37D00D4544C /* UIImage+MCDrawSubImage.m in Sources */,
				66BD6E3B1592CFE600D4544C /* UIView+SubviewStacks.m in Sources */,
				66BD6E701593A8CC00D4544C /* MMPlusButton.m in Sources */,
				66BD6E801593AF4200D4544C /* MMSidebarButton.m in Sources */,
				66BD6E8E1593D18800D4544C /* MMPolylineButton.m in Sources */,
				66BD6E911593DE4E00D4544C /* MMPolygonButton.m in Sources */,
				66BD6E941593E1D800D4544C /* MMImageButton.m in Sources */,
				66BD6E971593E98D00D4544C /* MMTextButton.m in Sources */,
				66BD6E9C15940D7500D4544C /* MMPencilButton.m in Sources */,
				66BD6E9F15941B7B00D4544C /* MMShareButton.m in Sources */,
				66728715159515FD0018571A /* MMEditablePaperStackView.m in Sources */,
				6693295A15958A950033E557 /* MMShadowManager.m in Sources */,
				66932965159593C00033E557 /* MMRotationManager.m in Sources */,
				6693296A1595A87E0033E557 /* MMMapButton.m in Sources */,
				669329701598E4DC0033E557 /* NSString+UUID.m in Sources */,
				669329731598EE210033E557 /* UIView+Debug.m in Sources */,
				6693297E1599196E0033E557 /* UIFont+UIBezierCurve.m in Sources */,
				66DF0B7E159BC30200C5C652 /* UIView+Animations.m in Sources */,
				664C62F015A36DA40072736A /* MMListPaperStackView.m in Sources */,
				66D33F4C15A6408A0044C809 /* MMShadowedView.m in Sources */,
				66D0905615F70810004D2CAF /* MMListAddPageButton.m in Sources */,
				66A4BD4616321ABC00C45070 /* NSThread+BlockAdditions.m in Sources */,
				66DCFBDF1582BF3E00B4918C /* MMPanAndPinchGestureRecognizer.m in Sources */,
				6693296D1596E0600033E557 /* MMBezelInRightGestureRecognizer.m in Sources */,
				6630EDA115F15324007E38AA /* MMPanAndPinchFromListViewGestureRecognizer.m in Sources */,
				66A13D3A1631D9D9002F5428 /* MMObjectSelectLongPressGestureRecognizer.m in Sources */,
				66A13D401631E0E6002F5428 /* MMImmovableTapGestureRecognizer.m in Sources */,
				6695B6EC17505FBF0069E61F /* MMEditablePaperView.m in Sources */,
				6695B6F01751CC170069E61F /* Pen.m in Sources */,
				663C1878175538A800706A05 /* MMPencilEraserButton.m in Sources */,
				663C187D1755B63D00706A05 /* Eraser.m in Sources */,
				663C188B1759B51600706A05 /* MMUndoRedoButton.m in Sources */,
				663C1897175A89EF00706A05 /* MMRulerButton.m in Sources */,
				66B21A56175AFCA70049F1AF /* MMHandButton.m in Sources */,
				66B21A5B175D4C9A0049F1AF /* UIImage+Resize.m in Sources */,
				66B21A5E175D4D200049F1AF /* UIImage+Alpha.m in Sources */,
				66B21A61175D4D290049F1AF /* UIImage+RoundedCorner.m in Sources */,
				66B21A6C175E4A5A0049F1AF /* MMStackManager.m in Sources */,
				66B21A76175E559E0049F1AF /* NSArray+Map.m in Sources */,
				66B21A7A175E595B0049F1AF /* MMBlockOperation.m in Sources */,
			);
			runOnlyForDeploymentPostprocessing = 0;
		};
/* End PBXSourcesBuildPhase section */

/* Begin PBXTargetDependency section */
		66455F83175E937500C66DFA /* PBXTargetDependency */ = {
			isa = PBXTargetDependency;
			name = "DrawKit-iOS";
			targetProxy = 66455F82175E937500C66DFA /* PBXContainerItemProxy */;
		};
/* End PBXTargetDependency section */

/* Begin PBXVariantGroup section */
		66DCFB931581BCEF00B4918C /* InfoPlist.strings */ = {
			isa = PBXVariantGroup;
			children = (
				66DCFB941581BCEF00B4918C /* en */,
			);
			name = InfoPlist.strings;
			sourceTree = "<group>";
		};
		66DCFB9F1581BCEF00B4918C /* MMPaperStackViewController.xib */ = {
			isa = PBXVariantGroup;
			children = (
				66DCFBA01581BCEF00B4918C /* en */,
			);
			name = MMPaperStackViewController.xib;
			sourceTree = "<group>";
		};
/* End PBXVariantGroup section */

/* Begin XCBuildConfiguration section */
		66DCFBB71581BCF000B4918C /* Debug */ = {
			isa = XCBuildConfiguration;
			buildSettings = {
				ALWAYS_SEARCH_USER_PATHS = NO;
				ARCHS = "$(ARCHS_STANDARD_32_BIT)";
				CLANG_WARN_CONSTANT_CONVERSION = YES;
				CLANG_WARN_ENUM_CONVERSION = YES;
				CLANG_WARN_INT_CONVERSION = YES;
				CLANG_WARN__DUPLICATE_METHOD_MATCH = YES;
				"CODE_SIGN_IDENTITY[sdk=iphoneos*]" = "iPhone Developer: Adam Wulf (569ACMP6SC)";
				COPY_PHASE_STRIP = NO;
				GCC_C_LANGUAGE_STANDARD = gnu99;
				GCC_DYNAMIC_NO_PIC = NO;
				GCC_OPTIMIZATION_LEVEL = 0;
				GCC_PREPROCESSOR_DEFINITIONS = (
					"DEBUG=1",
					"$(inherited)",
				);
				GCC_SYMBOLS_PRIVATE_EXTERN = NO;
				GCC_VERSION = com.apple.compilers.llvm.clang.1_0;
				GCC_WARN_ABOUT_RETURN_TYPE = YES;
				GCC_WARN_UNINITIALIZED_AUTOS = YES;
				GCC_WARN_UNUSED_VARIABLE = YES;
				IPHONEOS_DEPLOYMENT_TARGET = 6.0;
				PRODUCT_NAME = "";
				"PROVISIONING_PROFILE[sdk=iphoneos*]" = "992248CC-57C8-4552-B5BB-91F892685F60";
				SDKROOT = iphoneos;
				STRIP_INSTALLED_PRODUCT = NO;
				TARGETED_DEVICE_FAMILY = 2;
			};
			name = Debug;
		};
		66DCFBB81581BCF000B4918C /* Release */ = {
			isa = XCBuildConfiguration;
			buildSettings = {
				ALWAYS_SEARCH_USER_PATHS = NO;
				ARCHS = "$(ARCHS_STANDARD_32_BIT)";
				CLANG_WARN_CONSTANT_CONVERSION = YES;
				CLANG_WARN_ENUM_CONVERSION = YES;
				CLANG_WARN_INT_CONVERSION = YES;
				CLANG_WARN__DUPLICATE_METHOD_MATCH = YES;
				"CODE_SIGN_IDENTITY[sdk=iphoneos*]" = "iPhone Distribution";
				COPY_PHASE_STRIP = YES;
				GCC_C_LANGUAGE_STANDARD = gnu99;
				GCC_VERSION = com.apple.compilers.llvm.clang.1_0;
				GCC_WARN_ABOUT_RETURN_TYPE = YES;
				GCC_WARN_UNINITIALIZED_AUTOS = YES;
				GCC_WARN_UNUSED_VARIABLE = YES;
				IPHONEOS_DEPLOYMENT_TARGET = 6.0;
				OTHER_CFLAGS = "-DNS_BLOCK_ASSERTIONS=1";
				PRODUCT_NAME = "";
				"PROVISIONING_PROFILE[sdk=iphoneos*]" = "";
				SDKROOT = iphoneos;
				STRIP_INSTALLED_PRODUCT = NO;
				TARGETED_DEVICE_FAMILY = 2;
				VALIDATE_PRODUCT = YES;
			};
			name = Release;
		};
		66DCFBBA1581BCF000B4918C /* Debug */ = {
			isa = XCBuildConfiguration;
			buildSettings = {
				CLANG_ENABLE_OBJC_ARC = YES;
				CODE_SIGN_IDENTITY = "iPhone Developer: Adam Wulf (569ACMP6SC)";
				"CODE_SIGN_IDENTITY[sdk=iphoneos*]" = "iPhone Developer: Adam Wulf (569ACMP6SC)";
				FRAMEWORK_SEARCH_PATHS = (
					"$(inherited)",
					"\"$(SRCROOT)/../Submodules/JotUI/JotTouchSDK\"",
				);
				GCC_PRECOMPILE_PREFIX_HEADER = YES;
				GCC_PREFIX_HEADER = "LooseLeaf/LooseLeaf-Prefix.pch";
				INFOPLIST_FILE = "LooseLeaf/LooseLeaf-Info.plist";
				ONLY_ACTIVE_ARCH = YES;
				OTHER_LDFLAGS = (
					"-ObjC++",
					"-all_load",
					"-lstdc++",
				);
				PRODUCT_NAME = LooseLeaf;
				PROVISIONING_PROFILE = "38E2B8E5-D90F-4CD5-B0CB-49CCF3270DC6";
				"PROVISIONING_PROFILE[sdk=iphoneos*]" = "38E2B8E5-D90F-4CD5-B0CB-49CCF3270DC6";
				TARGETED_DEVICE_FAMILY = 2;
				WRAPPER_EXTENSION = app;
			};
			name = Debug;
		};
		66DCFBBB1581BCF000B4918C /* Release */ = {
			isa = XCBuildConfiguration;
			buildSettings = {
				CLANG_ENABLE_OBJC_ARC = YES;
				CODE_SIGN_IDENTITY = "iPhone Distribution";
				FRAMEWORK_SEARCH_PATHS = (
					"$(inherited)",
					"\"$(SRCROOT)/../Submodules/JotUI/JotTouchSDK\"",
				);
				GCC_PRECOMPILE_PREFIX_HEADER = YES;
				GCC_PREFIX_HEADER = "LooseLeaf/LooseLeaf-Prefix.pch";
				INFOPLIST_FILE = "LooseLeaf/LooseLeaf-Info.plist";
				OTHER_LDFLAGS = (
					"-ObjC++",
					"-all_load",
					"-lstdc++",
				);
				PRODUCT_NAME = LooseLeaf;
				PROVISIONING_PROFILE = "";
				TARGETED_DEVICE_FAMILY = 2;
				WRAPPER_EXTENSION = app;
			};
			name = Release;
		};
/* End XCBuildConfiguration section */

/* Begin XCConfigurationList section */
		66DCFB801581BCED00B4918C /* Build configuration list for PBXProject "LooseLeaf" */ = {
			isa = XCConfigurationList;
			buildConfigurations = (
				66DCFBB71581BCF000B4918C /* Debug */,
				66DCFBB81581BCF000B4918C /* Release */,
			);
			defaultConfigurationIsVisible = 0;
			defaultConfigurationName = Release;
		};
		66DCFBB91581BCF000B4918C /* Build configuration list for PBXNativeTarget "LooseLeaf" */ = {
			isa = XCConfigurationList;
			buildConfigurations = (
				66DCFBBA1581BCF000B4918C /* Debug */,
				66DCFBBB1581BCF000B4918C /* Release */,
			);
			defaultConfigurationIsVisible = 0;
			defaultConfigurationName = Release;
		};
/* End XCConfigurationList section */
	};
	rootObject = 66DCFB7D1581BCED00B4918C /* Project object */;
}
